
Microsoft Visual Studio Solution File, Format Version 12.00
# Visual Studio Version 16
VisualStudioVersion = 16.0.29728.190
MinimumVisualStudioVersion = 10.0.40219.1
Project("{F184B08F-C81C-45F6-A57F-5ABD9991F28F}") = "CMPT391_Data_Warehouse", "CMPT391_Data_Warehouse.vbproj", "{FED030F7-148F-4344-BDE4-84FCC0B5EBC5}"
EndProject
Global
	GlobalSection(SolutionConfigurationPlatforms) = preSolution
		Debug|Any CPU = Debug|Any CPU
		Release|Any CPU = Release|Any CPU
	EndGlobalSection
	GlobalSection(ProjectConfigurationPlatforms) = postSolution
		{FED030F7-148F-4344-BDE4-84FCC0B5EBC5}.Debug|Any CPU.ActiveCfg = Debug|Any CPU
		{FED030F7-148F-4344-BDE4-84FCC0B5EBC5}.Debug|Any CPU.Build.0 = Debug|Any CPU
		{FED030F7-148F-4344-BDE4-84FCC0B5EBC5}.Release|Any CPU.ActiveCfg = Release|Any CPU
		{FED030F7-148F-4344-BDE4-84FCC0B5EBC5}.Release|Any CPU.Build.0 = Release|Any CPU
	EndGlobalSection
	GlobalSection(SolutionProperties) = preSolution
		HideSolutionNode = FALSE
	EndGlobalSection
	GlobalSection(ExtensibilityGlobals) = postSolution
		SolutionGuid = {6429B366-F6A3-4D94-9E56-2760021CAE7C}
	EndGlobalSection
EndGlobal
